
Microsoft Visual Studio Solution File, Format Version 11.00
# Visual Studio 2010
Project("{FAE04EC0-301F-11D3-BF4B-00C04F79EFBC}") = "Cow Chucker Test", "Assembly-CSharp.csproj", "{4EF397F7-4E71-2E3B-CF32-05BF8C0328C3}"
EndProject
Global
	GlobalSection(SolutionConfigurationPlatforms) = preSolution
		Debug|Any CPU = Debug|Any CPU
		Release|Any CPU = Release|Any CPU
	EndGlobalSection
	GlobalSection(ProjectConfigurationPlatforms) = postSolution
		{4EF397F7-4E71-2E3B-CF32-05BF8C0328C3}.Debug|Any CPU.ActiveCfg = Debug|Any CPU
		{4EF397F7-4E71-2E3B-CF32-05BF8C0328C3}.Debug|Any CPU.Build.0 = Debug|Any CPU
		{4EF397F7-4E71-2E3B-CF32-05BF8C0328C3}.Release|Any CPU.ActiveCfg = Release|Any CPU
		{4EF397F7-4E71-2E3B-CF32-05BF8C0328C3}.Release|Any CPU.Build.0 = Release|Any CPU
	EndGlobalSection
	GlobalSection(SolutionProperties) = preSolution
		HideSolutionNode = FALSE
	EndGlobalSection
	GlobalSection(MonoDevelopProperties) = preSolution
		StartupItem = Assembly-CSharp.csproj
	EndGlobalSection
EndGlobal
